// !$*UTF8*$!
{
	archiveVersion = 1;
	classes = {
	};
	objectVersion = 46;
	objects = {

/* Begin PBXBuildFile section */
		E30DDF511C90E9C800FBC536 /* SwiftyCocoa.h in Headers */ = {isa = PBXBuildFile; fileRef = E30DDF501C90E9C800FBC536 /* SwiftyCocoa.h */; settings = {ATTRIBUTES = (Public, ); }; };
		E30DDF671C90EAD100FBC536 /* SwiftyCore.framework in Frameworks */ = {isa = PBXBuildFile; fileRef = E30DDF5D1C90EAA400FBC536 /* SwiftyCore.framework */; };
		E30DDF951C90ECD700FBC536 /* SwiftyCocoa.framework in Frameworks */ = {isa = PBXBuildFile; fileRef = E30DDF4E1C90E9C800FBC536 /* SwiftyCocoa.framework */; };
		E30DDF961C90ECE200FBC536 /* SwiftyCore.framework in Frameworks */ = {isa = PBXBuildFile; fileRef = E30DDF5D1C90EAA400FBC536 /* SwiftyCore.framework */; };
		E30DDFAC1C90EF7000FBC536 /* SwiftyCore.framework in Frameworks */ = {isa = PBXBuildFile; fileRef = E30DDF5D1C90EAA400FBC536 /* SwiftyCore.framework */; };
		E30DDFAD1C90F2B500FBC536 /* SwiftyGeometry.h in Headers */ = {isa = PBXBuildFile; fileRef = E30DDF721C90EC5E00FBC536 /* SwiftyGeometry.h */; settings = {ATTRIBUTES = (Public, ); }; };
		E30DDFAE1C90F2BE00FBC536 /* SwiftyCore.h in Headers */ = {isa = PBXBuildFile; fileRef = E30DDF5F1C90EAA400FBC536 /* SwiftyCore.h */; settings = {ATTRIBUTES = (Public, ); }; };
		E30DDFAF1C90F2D000FBC536 /* SwiftyUIKit.h in Headers */ = {isa = PBXBuildFile; fileRef = E30DDF7F1C90EC6F00FBC536 /* SwiftyUIKit.h */; settings = {ATTRIBUTES = (Public, ); }; };
		E30DDFB01C90F2D400FBC536 /* MultiRange.h in Headers */ = {isa = PBXBuildFile; fileRef = E30DDF8C1C90EC7D00FBC536 /* MultiRange.h */; settings = {ATTRIBUTES = (Public, ); }; };
		E34D11E11B1D032B000816A9 /* SwiftySwift.h in Headers */ = {isa = PBXBuildFile; fileRef = E34D11E01B1D032B000816A9 /* SwiftySwift.h */; settings = {ATTRIBUTES = (Public, ); }; };
		E34D11E71B1D032B000816A9 /* SwiftySwift.framework in Frameworks */ = {isa = PBXBuildFile; fileRef = E34D11DB1B1D032B000816A9 /* SwiftySwift.framework */; };
		E34D11EE1B1D032B000816A9 /* SwiftySwiftTests.swift in Sources */ = {isa = PBXBuildFile; fileRef = E34D11ED1B1D032B000816A9 /* SwiftySwiftTests.swift */; };
		E3C7CBAA1F63205300719D0E /* FloatingPoint+Extensions.swift in Sources */ = {isa = PBXBuildFile; fileRef = E3C7CBA91F63205300719D0E /* FloatingPoint+Extensions.swift */; };
		E3C7CBAB1F632D3100719D0E /* FloatingPoint+Extensions.swift in Sources */ = {isa = PBXBuildFile; fileRef = E3C7CBA91F63205300719D0E /* FloatingPoint+Extensions.swift */; };
		E3C7CBAD1F632D9000719D0E /* SignedNumeric+Extensions.swift in Sources */ = {isa = PBXBuildFile; fileRef = E3C7CBAC1F632D9000719D0E /* SignedNumeric+Extensions.swift */; };
		E3C7CBAE1F632D9000719D0E /* SignedNumeric+Extensions.swift in Sources */ = {isa = PBXBuildFile; fileRef = E3C7CBAC1F632D9000719D0E /* SignedNumeric+Extensions.swift */; };
		E3C7CBB01F63331000719D0E /* UnsignedInteger+Extensions.swift in Sources */ = {isa = PBXBuildFile; fileRef = E3C7CBAF1F63331000719D0E /* UnsignedInteger+Extensions.swift */; };
		E3C7CBB11F63331000719D0E /* UnsignedInteger+Extensions.swift in Sources */ = {isa = PBXBuildFile; fileRef = E3C7CBAF1F63331000719D0E /* UnsignedInteger+Extensions.swift */; };
		E3C7CBB31F633AD300719D0E /* URL+Extensions.swift in Sources */ = {isa = PBXBuildFile; fileRef = E3C7CBB21F633AD300719D0E /* URL+Extensions.swift */; };
		E3C7CBB41F633AD300719D0E /* URL+Extensions.swift in Sources */ = {isa = PBXBuildFile; fileRef = E3C7CBB21F633AD300719D0E /* URL+Extensions.swift */; };
		E3D96D321CECF19500D58C9E /* UICollectionView+Extensions.swift in Sources */ = {isa = PBXBuildFile; fileRef = E3D96D291CECF19500D58C9E /* UICollectionView+Extensions.swift */; };
		E3D96D331CECF19500D58C9E /* UICollectionView+Extensions.swift in Sources */ = {isa = PBXBuildFile; fileRef = E3D96D291CECF19500D58C9E /* UICollectionView+Extensions.swift */; };
		E3D96D341CECF19500D58C9E /* UIColor+Extensions.swift in Sources */ = {isa = PBXBuildFile; fileRef = E3D96D2A1CECF19500D58C9E /* UIColor+Extensions.swift */; };
		E3D96D351CECF19500D58C9E /* UIColor+Extensions.swift in Sources */ = {isa = PBXBuildFile; fileRef = E3D96D2A1CECF19500D58C9E /* UIColor+Extensions.swift */; };
		E3D96D361CECF19500D58C9E /* UIFont+Extensions.swift in Sources */ = {isa = PBXBuildFile; fileRef = E3D96D2B1CECF19500D58C9E /* UIFont+Extensions.swift */; };
		E3D96D371CECF19500D58C9E /* UIFont+Extensions.swift in Sources */ = {isa = PBXBuildFile; fileRef = E3D96D2B1CECF19500D58C9E /* UIFont+Extensions.swift */; };
		E3D96D381CECF19500D58C9E /* UIGestureRecognizer+Extensions.swift in Sources */ = {isa = PBXBuildFile; fileRef = E3D96D2C1CECF19500D58C9E /* UIGestureRecognizer+Extensions.swift */; };
		E3D96D391CECF19500D58C9E /* UIGestureRecognizer+Extensions.swift in Sources */ = {isa = PBXBuildFile; fileRef = E3D96D2C1CECF19500D58C9E /* UIGestureRecognizer+Extensions.swift */; };
		E3D96D3A1CECF19500D58C9E /* UIImage+Extensions.swift in Sources */ = {isa = PBXBuildFile; fileRef = E3D96D2D1CECF19500D58C9E /* UIImage+Extensions.swift */; };
		E3D96D3B1CECF19500D58C9E /* UIImage+Extensions.swift in Sources */ = {isa = PBXBuildFile; fileRef = E3D96D2D1CECF19500D58C9E /* UIImage+Extensions.swift */; };
		E3D96D3C1CECF19500D58C9E /* UIImageView+Extensions.swift in Sources */ = {isa = PBXBuildFile; fileRef = E3D96D2E1CECF19500D58C9E /* UIImageView+Extensions.swift */; };
		E3D96D3D1CECF19500D58C9E /* UIImageView+Extensions.swift in Sources */ = {isa = PBXBuildFile; fileRef = E3D96D2E1CECF19500D58C9E /* UIImageView+Extensions.swift */; };
		E3D96D3E1CECF19500D58C9E /* UITableView+Extensions.swift in Sources */ = {isa = PBXBuildFile; fileRef = E3D96D2F1CECF19500D58C9E /* UITableView+Extensions.swift */; };
		E3D96D3F1CECF19500D58C9E /* UITableView+Extensions.swift in Sources */ = {isa = PBXBuildFile; fileRef = E3D96D2F1CECF19500D58C9E /* UITableView+Extensions.swift */; };
		E3D96D401CECF19500D58C9E /* UIView+Extensions.swift in Sources */ = {isa = PBXBuildFile; fileRef = E3D96D301CECF19500D58C9E /* UIView+Extensions.swift */; };
		E3D96D411CECF19500D58C9E /* UIView+Extensions.swift in Sources */ = {isa = PBXBuildFile; fileRef = E3D96D301CECF19500D58C9E /* UIView+Extensions.swift */; };
		E3D96D421CECF19500D58C9E /* UIViewController+Extensions.swift in Sources */ = {isa = PBXBuildFile; fileRef = E3D96D311CECF19500D58C9E /* UIViewController+Extensions.swift */; };
		E3D96D431CECF19500D58C9E /* UIViewController+Extensions.swift in Sources */ = {isa = PBXBuildFile; fileRef = E3D96D311CECF19500D58C9E /* UIViewController+Extensions.swift */; };
		E3D96D451CECF4DA00D58C9E /* CGPoint+Extensions.swift in Sources */ = {isa = PBXBuildFile; fileRef = E3D96D441CECF4DA00D58C9E /* CGPoint+Extensions.swift */; };
		E3D96D461CECF4DA00D58C9E /* CGPoint+Extensions.swift in Sources */ = {isa = PBXBuildFile; fileRef = E3D96D441CECF4DA00D58C9E /* CGPoint+Extensions.swift */; };
		E3D96D481CECF51400D58C9E /* UIEdgeInsets+Extensions.swift in Sources */ = {isa = PBXBuildFile; fileRef = E3D96D471CECF51400D58C9E /* UIEdgeInsets+Extensions.swift */; };
		E3D96D491CECF51400D58C9E /* UIEdgeInsets+Extensions.swift in Sources */ = {isa = PBXBuildFile; fileRef = E3D96D471CECF51400D58C9E /* UIEdgeInsets+Extensions.swift */; };
		E3D96D4B1CECF57C00D58C9E /* CGRect+Extensions.swift in Sources */ = {isa = PBXBuildFile; fileRef = E3D96D4A1CECF57C00D58C9E /* CGRect+Extensions.swift */; };
		E3D96D4C1CECF57C00D58C9E /* CGRect+Extensions.swift in Sources */ = {isa = PBXBuildFile; fileRef = E3D96D4A1CECF57C00D58C9E /* CGRect+Extensions.swift */; };
		E3D96D4E1CECF5AF00D58C9E /* CGFloatTuple.swift in Sources */ = {isa = PBXBuildFile; fileRef = E3D96D4D1CECF5AF00D58C9E /* CGFloatTuple.swift */; };
		E3D96D4F1CECF5AF00D58C9E /* CGFloatTuple.swift in Sources */ = {isa = PBXBuildFile; fileRef = E3D96D4D1CECF5AF00D58C9E /* CGFloatTuple.swift */; };
		E3D96D541CECF66700D58C9E /* CGGeometry+CGFloatTuple.swift in Sources */ = {isa = PBXBuildFile; fileRef = E3D96D531CECF66700D58C9E /* CGGeometry+CGFloatTuple.swift */; };
		E3D96D551CECF66700D58C9E /* CGGeometry+CGFloatTuple.swift in Sources */ = {isa = PBXBuildFile; fileRef = E3D96D531CECF66700D58C9E /* CGGeometry+CGFloatTuple.swift */; };
		E3D96D571CECF6B800D58C9E /* NSObject+Extensions.swift in Sources */ = {isa = PBXBuildFile; fileRef = E3D96D561CECF6B800D58C9E /* NSObject+Extensions.swift */; };
		E3D96D581CECF6B800D58C9E /* NSObject+Extensions.swift in Sources */ = {isa = PBXBuildFile; fileRef = E3D96D561CECF6B800D58C9E /* NSObject+Extensions.swift */; };
		E3D96D5A1CECF6D100D58C9E /* NSThread+Extensions.swift in Sources */ = {isa = PBXBuildFile; fileRef = E3D96D591CECF6D100D58C9E /* NSThread+Extensions.swift */; };
		E3D96D5B1CECF6D100D58C9E /* NSThread+Extensions.swift in Sources */ = {isa = PBXBuildFile; fileRef = E3D96D591CECF6D100D58C9E /* NSThread+Extensions.swift */; };
		E3D96D5D1CECF6EC00D58C9E /* NSLayoutConstraint+Extensions.swift in Sources */ = {isa = PBXBuildFile; fileRef = E3D96D5C1CECF6EC00D58C9E /* NSLayoutConstraint+Extensions.swift */; };
		E3D96D5E1CECF6EC00D58C9E /* NSLayoutConstraint+Extensions.swift in Sources */ = {isa = PBXBuildFile; fileRef = E3D96D5C1CECF6EC00D58C9E /* NSLayoutConstraint+Extensions.swift */; };
		E3D96D631CECF72F00D58C9E /* NSAttributedString+Extensions.swift in Sources */ = {isa = PBXBuildFile; fileRef = E3D96D621CECF72F00D58C9E /* NSAttributedString+Extensions.swift */; };
		E3D96D641CECF72F00D58C9E /* NSAttributedString+Extensions.swift in Sources */ = {isa = PBXBuildFile; fileRef = E3D96D621CECF72F00D58C9E /* NSAttributedString+Extensions.swift */; };
		E3D96D661CECF74200D58C9E /* NSNotificationCenter+Extensions.swift in Sources */ = {isa = PBXBuildFile; fileRef = E3D96D651CECF74200D58C9E /* NSNotificationCenter+Extensions.swift */; };
		E3D96D671CECF74200D58C9E /* NSNotificationCenter+Extensions.swift in Sources */ = {isa = PBXBuildFile; fileRef = E3D96D651CECF74200D58C9E /* NSNotificationCenter+Extensions.swift */; };
		E3D96D691CECF77300D58C9E /* Dispatch+Extensions.swift in Sources */ = {isa = PBXBuildFile; fileRef = E3D96D681CECF77300D58C9E /* Dispatch+Extensions.swift */; };
		E3D96D6A1CECF77300D58C9E /* Dispatch+Extensions.swift in Sources */ = {isa = PBXBuildFile; fileRef = E3D96D681CECF77300D58C9E /* Dispatch+Extensions.swift */; };
		E3D96D6C1CECF85300D58C9E /* SequenceType+Extensions.swift in Sources */ = {isa = PBXBuildFile; fileRef = E3D96D6B1CECF85300D58C9E /* SequenceType+Extensions.swift */; };
		E3D96D6D1CECF85300D58C9E /* SequenceType+Extensions.swift in Sources */ = {isa = PBXBuildFile; fileRef = E3D96D6B1CECF85300D58C9E /* SequenceType+Extensions.swift */; };
		E3D96D6F1CECF8B200D58C9E /* SortOrder.swift in Sources */ = {isa = PBXBuildFile; fileRef = E3D96D6E1CECF8B200D58C9E /* SortOrder.swift */; };
		E3D96D701CECF8B200D58C9E /* SortOrder.swift in Sources */ = {isa = PBXBuildFile; fileRef = E3D96D6E1CECF8B200D58C9E /* SortOrder.swift */; };
		E3D96D721CECF8E200D58C9E /* RangeReplaceableCollectionType+Extensions.swift in Sources */ = {isa = PBXBuildFile; fileRef = E3D96D711CECF8E200D58C9E /* RangeReplaceableCollectionType+Extensions.swift */; };
		E3D96D731CECF8E200D58C9E /* RangeReplaceableCollectionType+Extensions.swift in Sources */ = {isa = PBXBuildFile; fileRef = E3D96D711CECF8E200D58C9E /* RangeReplaceableCollectionType+Extensions.swift */; };
		E3D96D751CECF8F700D58C9E /* CollectionType+Extensions.swift in Sources */ = {isa = PBXBuildFile; fileRef = E3D96D741CECF8F700D58C9E /* CollectionType+Extensions.swift */; };
		E3D96D761CECF8F700D58C9E /* CollectionType+Extensions.swift in Sources */ = {isa = PBXBuildFile; fileRef = E3D96D741CECF8F700D58C9E /* CollectionType+Extensions.swift */; };
		E3D96D781CECF91300D58C9E /* Dictionary+Extensions.swift in Sources */ = {isa = PBXBuildFile; fileRef = E3D96D771CECF91300D58C9E /* Dictionary+Extensions.swift */; };
		E3D96D791CECF91300D58C9E /* Dictionary+Extensions.swift in Sources */ = {isa = PBXBuildFile; fileRef = E3D96D771CECF91300D58C9E /* Dictionary+Extensions.swift */; };
		E3D96D7B1CECF93E00D58C9E /* StringLiteralConvertible+Extensions.swift in Sources */ = {isa = PBXBuildFile; fileRef = E3D96D7A1CECF93E00D58C9E /* StringLiteralConvertible+Extensions.swift */; };
		E3D96D7C1CECF93E00D58C9E /* StringLiteralConvertible+Extensions.swift in Sources */ = {isa = PBXBuildFile; fileRef = E3D96D7A1CECF93E00D58C9E /* StringLiteralConvertible+Extensions.swift */; };
		E3D96D7E1CECF97200D58C9E /* Comparable+Extensions.swift in Sources */ = {isa = PBXBuildFile; fileRef = E3D96D7D1CECF97200D58C9E /* Comparable+Extensions.swift */; };
		E3D96D7F1CECF97200D58C9E /* Comparable+Extensions.swift in Sources */ = {isa = PBXBuildFile; fileRef = E3D96D7D1CECF97200D58C9E /* Comparable+Extensions.swift */; };
		E3D96D811CECF9AA00D58C9E /* OptionalConvertible.swift in Sources */ = {isa = PBXBuildFile; fileRef = E3D96D801CECF9AA00D58C9E /* OptionalConvertible.swift */; };
		E3D96D821CECF9AA00D58C9E /* OptionalConvertible.swift in Sources */ = {isa = PBXBuildFile; fileRef = E3D96D801CECF9AA00D58C9E /* OptionalConvertible.swift */; };
		E3D96D841CECF9D100D58C9E /* Optional+Extensions.swift in Sources */ = {isa = PBXBuildFile; fileRef = E3D96D831CECF9D100D58C9E /* Optional+Extensions.swift */; };
		E3D96D851CECF9D100D58C9E /* Optional+Extensions.swift in Sources */ = {isa = PBXBuildFile; fileRef = E3D96D831CECF9D100D58C9E /* Optional+Extensions.swift */; };
		E3D96D871CECF9F600D58C9E /* BinaryInteger+Extensions.swift in Sources */ = {isa = PBXBuildFile; fileRef = E3D96D861CECF9F600D58C9E /* BinaryInteger+Extensions.swift */; };
		E3D96D881CECF9F600D58C9E /* BinaryInteger+Extensions.swift in Sources */ = {isa = PBXBuildFile; fileRef = E3D96D861CECF9F600D58C9E /* BinaryInteger+Extensions.swift */; };
		E3D96D8A1CECFA5900D58C9E /* Swift+Extensions.swift in Sources */ = {isa = PBXBuildFile; fileRef = E3D96D891CECFA5900D58C9E /* Swift+Extensions.swift */; };
		E3D96D8B1CECFA5900D58C9E /* Swift+Extensions.swift in Sources */ = {isa = PBXBuildFile; fileRef = E3D96D891CECFA5900D58C9E /* Swift+Extensions.swift */; };
		E3D96D8D1CECFA7800D58C9E /* MultiRange.swift in Sources */ = {isa = PBXBuildFile; fileRef = E3D96D8C1CECFA7800D58C9E /* MultiRange.swift */; };
		E3D96D8E1CECFA7800D58C9E /* MultiRange.swift in Sources */ = {isa = PBXBuildFile; fileRef = E3D96D8C1CECFA7800D58C9E /* MultiRange.swift */; };
/* End PBXBuildFile section */

/* Begin PBXContainerItemProxy section */
		E30DDF9A1C90EF3A00FBC536 /* PBXContainerItemProxy */ = {
			isa = PBXContainerItemProxy;
			containerPortal = E34D11D21B1D032B000816A9 /* Project object */;
			proxyType = 1;
			remoteGlobalIDString = E30DDF5C1C90EAA400FBC536;
			remoteInfo = SwiftyCore;
		};
		E30DDF9C1C90EF4000FBC536 /* PBXContainerItemProxy */ = {
			isa = PBXContainerItemProxy;
			containerPortal = E34D11D21B1D032B000816A9 /* Project object */;
			proxyType = 1;
			remoteGlobalIDString = E30DDF5C1C90EAA400FBC536;
			remoteInfo = SwiftyCore;
		};
		E30DDF9E1C90EF4500FBC536 /* PBXContainerItemProxy */ = {
			isa = PBXContainerItemProxy;
			containerPortal = E34D11D21B1D032B000816A9 /* Project object */;
			proxyType = 1;
			remoteGlobalIDString = E30DDF5C1C90EAA400FBC536;
			remoteInfo = SwiftyCore;
		};
		E30DDFA01C90EF4900FBC536 /* PBXContainerItemProxy */ = {
			isa = PBXContainerItemProxy;
			containerPortal = E34D11D21B1D032B000816A9 /* Project object */;
			proxyType = 1;
			remoteGlobalIDString = E30DDF4D1C90E9C800FBC536;
			remoteInfo = SwiftyCocoa;
		};
		E30DDFA21C90EF5300FBC536 /* PBXContainerItemProxy */ = {
			isa = PBXContainerItemProxy;
			containerPortal = E34D11D21B1D032B000816A9 /* Project object */;
			proxyType = 1;
			remoteGlobalIDString = E30DDF4D1C90E9C800FBC536;
			remoteInfo = SwiftyCocoa;
		};
		E30DDFA41C90EF5600FBC536 /* PBXContainerItemProxy */ = {
			isa = PBXContainerItemProxy;
			containerPortal = E34D11D21B1D032B000816A9 /* Project object */;
			proxyType = 1;
			remoteGlobalIDString = E30DDF5C1C90EAA400FBC536;
			remoteInfo = SwiftyCore;
		};
		E30DDFA61C90EF5A00FBC536 /* PBXContainerItemProxy */ = {
			isa = PBXContainerItemProxy;
			containerPortal = E34D11D21B1D032B000816A9 /* Project object */;
			proxyType = 1;
			remoteGlobalIDString = E30DDF6F1C90EC5E00FBC536;
			remoteInfo = SwiftyGeometry;
		};
		E30DDFA81C90EF5C00FBC536 /* PBXContainerItemProxy */ = {
			isa = PBXContainerItemProxy;
			containerPortal = E34D11D21B1D032B000816A9 /* Project object */;
			proxyType = 1;
			remoteGlobalIDString = E30DDF7C1C90EC6F00FBC536;
			remoteInfo = SwiftyUIKit;
		};
		E30DDFAA1C90EF5F00FBC536 /* PBXContainerItemProxy */ = {
			isa = PBXContainerItemProxy;
			containerPortal = E34D11D21B1D032B000816A9 /* Project object */;
			proxyType = 1;
			remoteGlobalIDString = E30DDF891C90EC7D00FBC536;
			remoteInfo = MultiRange;
		};
		E34D11E81B1D032B000816A9 /* PBXContainerItemProxy */ = {
			isa = PBXContainerItemProxy;
			containerPortal = E34D11D21B1D032B000816A9 /* Project object */;
			proxyType = 1;
			remoteGlobalIDString = E34D11DA1B1D032B000816A9;
			remoteInfo = SwiftySwift;
		};
/* End PBXContainerItemProxy section */

/* Begin PBXFileReference section */
		E30DDF4E1C90E9C800FBC536 /* SwiftyCocoa.framework */ = {isa = PBXFileReference; explicitFileType = wrapper.framework; includeInIndex = 0; path = SwiftyCocoa.framework; sourceTree = BUILT_PRODUCTS_DIR; };
		E30DDF501C90E9C800FBC536 /* SwiftyCocoa.h */ = {isa = PBXFileReference; lastKnownFileType = sourcecode.c.h; path = SwiftyCocoa.h; sourceTree = "<group>"; };
		E30DDF521C90E9C800FBC536 /* Info.plist */ = {isa = PBXFileReference; lastKnownFileType = text.plist.xml; path = Info.plist; sourceTree = "<group>"; };
		E30DDF5D1C90EAA400FBC536 /* SwiftyCore.framework */ = {isa = PBXFileReference; explicitFileType = wrapper.framework; includeInIndex = 0; path = SwiftyCore.framework; sourceTree = BUILT_PRODUCTS_DIR; };
		E30DDF5F1C90EAA400FBC536 /* SwiftyCore.h */ = {isa = PBXFileReference; lastKnownFileType = sourcecode.c.h; path = SwiftyCore.h; sourceTree = "<group>"; };
		E30DDF611C90EAA400FBC536 /* Info.plist */ = {isa = PBXFileReference; lastKnownFileType = text.plist.xml; path = Info.plist; sourceTree = "<group>"; };
		E30DDF701C90EC5E00FBC536 /* SwiftyGeometry.framework */ = {isa = PBXFileReference; explicitFileType = wrapper.framework; includeInIndex = 0; path = SwiftyGeometry.framework; sourceTree = BUILT_PRODUCTS_DIR; };
		E30DDF721C90EC5E00FBC536 /* SwiftyGeometry.h */ = {isa = PBXFileReference; lastKnownFileType = sourcecode.c.h; path = SwiftyGeometry.h; sourceTree = "<group>"; };
		E30DDF741C90EC5E00FBC536 /* Info.plist */ = {isa = PBXFileReference; lastKnownFileType = text.plist.xml; path = Info.plist; sourceTree = "<group>"; };
		E30DDF7D1C90EC6F00FBC536 /* SwiftyUIKit.framework */ = {isa = PBXFileReference; explicitFileType = wrapper.framework; includeInIndex = 0; path = SwiftyUIKit.framework; sourceTree = BUILT_PRODUCTS_DIR; };
		E30DDF7F1C90EC6F00FBC536 /* SwiftyUIKit.h */ = {isa = PBXFileReference; lastKnownFileType = sourcecode.c.h; path = SwiftyUIKit.h; sourceTree = "<group>"; };
		E30DDF811C90EC6F00FBC536 /* Info.plist */ = {isa = PBXFileReference; lastKnownFileType = text.plist.xml; path = Info.plist; sourceTree = "<group>"; };
		E30DDF8A1C90EC7D00FBC536 /* MultiRange.framework */ = {isa = PBXFileReference; explicitFileType = wrapper.framework; includeInIndex = 0; path = MultiRange.framework; sourceTree = BUILT_PRODUCTS_DIR; };
		E30DDF8C1C90EC7D00FBC536 /* MultiRange.h */ = {isa = PBXFileReference; lastKnownFileType = sourcecode.c.h; path = MultiRange.h; sourceTree = "<group>"; };
		E30DDF8E1C90EC7D00FBC536 /* Info.plist */ = {isa = PBXFileReference; lastKnownFileType = text.plist.xml; path = Info.plist; sourceTree = "<group>"; };
		E34D11DB1B1D032B000816A9 /* SwiftySwift.framework */ = {isa = PBXFileReference; explicitFileType = wrapper.framework; includeInIndex = 0; path = SwiftySwift.framework; sourceTree = BUILT_PRODUCTS_DIR; };
		E34D11DF1B1D032B000816A9 /* Info.plist */ = {isa = PBXFileReference; lastKnownFileType = text.plist.xml; path = Info.plist; sourceTree = "<group>"; };
		E34D11E01B1D032B000816A9 /* SwiftySwift.h */ = {isa = PBXFileReference; lastKnownFileType = sourcecode.c.h; path = SwiftySwift.h; sourceTree = "<group>"; };
		E34D11E61B1D032B000816A9 /* SwiftySwiftTests.xctest */ = {isa = PBXFileReference; explicitFileType = wrapper.cfbundle; includeInIndex = 0; path = SwiftySwiftTests.xctest; sourceTree = BUILT_PRODUCTS_DIR; };
		E34D11EC1B1D032B000816A9 /* Info.plist */ = {isa = PBXFileReference; lastKnownFileType = text.plist.xml; path = Info.plist; sourceTree = "<group>"; };
		E34D11ED1B1D032B000816A9 /* SwiftySwiftTests.swift */ = {isa = PBXFileReference; lastKnownFileType = sourcecode.swift; path = SwiftySwiftTests.swift; sourceTree = "<group>"; };
		E36EDC201EF1DD3200432A23 /* README.md */ = {isa = PBXFileReference; lastKnownFileType = net.daringfireball.markdown; path = README.md; sourceTree = "<group>"; };
		E3A5D2671BE04374002067C2 /* SwiftySwift.podspec */ = {isa = PBXFileReference; lastKnownFileType = text; path = SwiftySwift.podspec; sourceTree = SOURCE_ROOT; };
		E3C7CBA91F63205300719D0E /* FloatingPoint+Extensions.swift */ = {isa = PBXFileReference; lastKnownFileType = sourcecode.swift; path = "FloatingPoint+Extensions.swift"; sourceTree = "<group>"; };
		E3C7CBAC1F632D9000719D0E /* SignedNumeric+Extensions.swift */ = {isa = PBXFileReference; lastKnownFileType = sourcecode.swift; path = "SignedNumeric+Extensions.swift"; sourceTree = "<group>"; };
		E3C7CBAF1F63331000719D0E /* UnsignedInteger+Extensions.swift */ = {isa = PBXFileReference; lastKnownFileType = sourcecode.swift; path = "UnsignedInteger+Extensions.swift"; sourceTree = "<group>"; };
		E3C7CBB21F633AD300719D0E /* URL+Extensions.swift */ = {isa = PBXFileReference; lastKnownFileType = sourcecode.swift; path = "URL+Extensions.swift"; sourceTree = "<group>"; };
		E3D96D291CECF19500D58C9E /* UICollectionView+Extensions.swift */ = {isa = PBXFileReference; fileEncoding = 4; lastKnownFileType = sourcecode.swift; path = "UICollectionView+Extensions.swift"; sourceTree = "<group>"; };
		E3D96D2A1CECF19500D58C9E /* UIColor+Extensions.swift */ = {isa = PBXFileReference; fileEncoding = 4; lastKnownFileType = sourcecode.swift; path = "UIColor+Extensions.swift"; sourceTree = "<group>"; };
		E3D96D2B1CECF19500D58C9E /* UIFont+Extensions.swift */ = {isa = PBXFileReference; fileEncoding = 4; lastKnownFileType = sourcecode.swift; path = "UIFont+Extensions.swift"; sourceTree = "<group>"; };
		E3D96D2C1CECF19500D58C9E /* UIGestureRecognizer+Extensions.swift */ = {isa = PBXFileReference; fileEncoding = 4; lastKnownFileType = sourcecode.swift; path = "UIGestureRecognizer+Extensions.swift"; sourceTree = "<group>"; };
		E3D96D2D1CECF19500D58C9E /* UIImage+Extensions.swift */ = {isa = PBXFileReference; fileEncoding = 4; lastKnownFileType = sourcecode.swift; path = "UIImage+Extensions.swift"; sourceTree = "<group>"; };
		E3D96D2E1CECF19500D58C9E /* UIImageView+Extensions.swift */ = {isa = PBXFileReference; fileEncoding = 4; lastKnownFileType = sourcecode.swift; path = "UIImageView+Extensions.swift"; sourceTree = "<group>"; };
		E3D96D2F1CECF19500D58C9E /* UITableView+Extensions.swift */ = {isa = PBXFileReference; fileEncoding = 4; lastKnownFileType = sourcecode.swift; path = "UITableView+Extensions.swift"; sourceTree = "<group>"; };
		E3D96D301CECF19500D58C9E /* UIView+Extensions.swift */ = {isa = PBXFileReference; fileEncoding = 4; lastKnownFileType = sourcecode.swift; path = "UIView+Extensions.swift"; sourceTree = "<group>"; };
		E3D96D311CECF19500D58C9E /* UIViewController+Extensions.swift */ = {isa = PBXFileReference; fileEncoding = 4; lastKnownFileType = sourcecode.swift; path = "UIViewController+Extensions.swift"; sourceTree = "<group>"; };
		E3D96D441CECF4DA00D58C9E /* CGPoint+Extensions.swift */ = {isa = PBXFileReference; fileEncoding = 4; lastKnownFileType = sourcecode.swift; path = "CGPoint+Extensions.swift"; sourceTree = "<group>"; };
		E3D96D471CECF51400D58C9E /* UIEdgeInsets+Extensions.swift */ = {isa = PBXFileReference; fileEncoding = 4; lastKnownFileType = sourcecode.swift; path = "UIEdgeInsets+Extensions.swift"; sourceTree = "<group>"; };
		E3D96D4A1CECF57C00D58C9E /* CGRect+Extensions.swift */ = {isa = PBXFileReference; fileEncoding = 4; lastKnownFileType = sourcecode.swift; path = "CGRect+Extensions.swift"; sourceTree = "<group>"; };
		E3D96D4D1CECF5AF00D58C9E /* CGFloatTuple.swift */ = {isa = PBXFileReference; fileEncoding = 4; lastKnownFileType = sourcecode.swift; path = CGFloatTuple.swift; sourceTree = "<group>"; };
		E3D96D531CECF66700D58C9E /* CGGeometry+CGFloatTuple.swift */ = {isa = PBXFileReference; fileEncoding = 4; lastKnownFileType = sourcecode.swift; path = "CGGeometry+CGFloatTuple.swift"; sourceTree = "<group>"; };
		E3D96D561CECF6B800D58C9E /* NSObject+Extensions.swift */ = {isa = PBXFileReference; fileEncoding = 4; lastKnownFileType = sourcecode.swift; path = "NSObject+Extensions.swift"; sourceTree = "<group>"; };
		E3D96D591CECF6D100D58C9E /* NSThread+Extensions.swift */ = {isa = PBXFileReference; fileEncoding = 4; lastKnownFileType = sourcecode.swift; path = "NSThread+Extensions.swift"; sourceTree = "<group>"; };
		E3D96D5C1CECF6EC00D58C9E /* NSLayoutConstraint+Extensions.swift */ = {isa = PBXFileReference; fileEncoding = 4; lastKnownFileType = sourcecode.swift; path = "NSLayoutConstraint+Extensions.swift"; sourceTree = "<group>"; };
		E3D96D621CECF72F00D58C9E /* NSAttributedString+Extensions.swift */ = {isa = PBXFileReference; fileEncoding = 4; lastKnownFileType = sourcecode.swift; path = "NSAttributedString+Extensions.swift"; sourceTree = "<group>"; };
		E3D96D651CECF74200D58C9E /* NSNotificationCenter+Extensions.swift */ = {isa = PBXFileReference; fileEncoding = 4; lastKnownFileType = sourcecode.swift; path = "NSNotificationCenter+Extensions.swift"; sourceTree = "<group>"; };
		E3D96D681CECF77300D58C9E /* Dispatch+Extensions.swift */ = {isa = PBXFileReference; fileEncoding = 4; lastKnownFileType = sourcecode.swift; path = "Dispatch+Extensions.swift"; sourceTree = "<group>"; };
		E3D96D6B1CECF85300D58C9E /* SequenceType+Extensions.swift */ = {isa = PBXFileReference; fileEncoding = 4; lastKnownFileType = sourcecode.swift; path = "SequenceType+Extensions.swift"; sourceTree = "<group>"; };
		E3D96D6E1CECF8B200D58C9E /* SortOrder.swift */ = {isa = PBXFileReference; fileEncoding = 4; lastKnownFileType = sourcecode.swift; path = SortOrder.swift; sourceTree = "<group>"; };
		E3D96D711CECF8E200D58C9E /* RangeReplaceableCollectionType+Extensions.swift */ = {isa = PBXFileReference; fileEncoding = 4; lastKnownFileType = sourcecode.swift; path = "RangeReplaceableCollectionType+Extensions.swift"; sourceTree = "<group>"; };
		E3D96D741CECF8F700D58C9E /* CollectionType+Extensions.swift */ = {isa = PBXFileReference; fileEncoding = 4; lastKnownFileType = sourcecode.swift; path = "CollectionType+Extensions.swift"; sourceTree = "<group>"; };
		E3D96D771CECF91300D58C9E /* Dictionary+Extensions.swift */ = {isa = PBXFileReference; fileEncoding = 4; lastKnownFileType = sourcecode.swift; path = "Dictionary+Extensions.swift"; sourceTree = "<group>"; };
		E3D96D7A1CECF93E00D58C9E /* StringLiteralConvertible+Extensions.swift */ = {isa = PBXFileReference; fileEncoding = 4; lastKnownFileType = sourcecode.swift; path = "StringLiteralConvertible+Extensions.swift"; sourceTree = "<group>"; };
		E3D96D7D1CECF97200D58C9E /* Comparable+Extensions.swift */ = {isa = PBXFileReference; fileEncoding = 4; lastKnownFileType = sourcecode.swift; path = "Comparable+Extensions.swift"; sourceTree = "<group>"; };
		E3D96D801CECF9AA00D58C9E /* OptionalConvertible.swift */ = {isa = PBXFileReference; fileEncoding = 4; lastKnownFileType = sourcecode.swift; path = OptionalConvertible.swift; sourceTree = "<group>"; };
		E3D96D831CECF9D100D58C9E /* Optional+Extensions.swift */ = {isa = PBXFileReference; fileEncoding = 4; lastKnownFileType = sourcecode.swift; path = "Optional+Extensions.swift"; sourceTree = "<group>"; };
		E3D96D861CECF9F600D58C9E /* BinaryInteger+Extensions.swift */ = {isa = PBXFileReference; fileEncoding = 4; lastKnownFileType = sourcecode.swift; path = "BinaryInteger+Extensions.swift"; sourceTree = "<group>"; };
		E3D96D891CECFA5900D58C9E /* Swift+Extensions.swift */ = {isa = PBXFileReference; fileEncoding = 4; lastKnownFileType = sourcecode.swift; path = "Swift+Extensions.swift"; sourceTree = "<group>"; };
		E3D96D8C1CECFA7800D58C9E /* MultiRange.swift */ = {isa = PBXFileReference; fileEncoding = 4; lastKnownFileType = sourcecode.swift; path = MultiRange.swift; sourceTree = "<group>"; };
/* End PBXFileReference section */

/* Begin PBXFrameworksBuildPhase section */
		E30DDF4A1C90E9C800FBC536 /* Frameworks */ = {
			isa = PBXFrameworksBuildPhase;
			buildActionMask = 2147483647;
			files = (
				E30DDF671C90EAD100FBC536 /* SwiftyCore.framework in Frameworks */,
			);
			runOnlyForDeploymentPostprocessing = 0;
		};
		E30DDF591C90EAA400FBC536 /* Frameworks */ = {
			isa = PBXFrameworksBuildPhase;
			buildActionMask = 2147483647;
			files = (
			);
			runOnlyForDeploymentPostprocessing = 0;
		};
		E30DDF6C1C90EC5E00FBC536 /* Frameworks */ = {
			isa = PBXFrameworksBuildPhase;
			buildActionMask = 2147483647;
			files = (
				E30DDF961C90ECE200FBC536 /* SwiftyCore.framework in Frameworks */,
			);
			runOnlyForDeploymentPostprocessing = 0;
		};
		E30DDF791C90EC6F00FBC536 /* Frameworks */ = {
			isa = PBXFrameworksBuildPhase;
			buildActionMask = 2147483647;
			files = (
				E30DDFAC1C90EF7000FBC536 /* SwiftyCore.framework in Frameworks */,
				E30DDF951C90ECD700FBC536 /* SwiftyCocoa.framework in Frameworks */,
			);
			runOnlyForDeploymentPostprocessing = 0;
		};
		E30DDF861C90EC7D00FBC536 /* Frameworks */ = {
			isa = PBXFrameworksBuildPhase;
			buildActionMask = 2147483647;
			files = (
			);
			runOnlyForDeploymentPostprocessing = 0;
		};
		E34D11D71B1D032B000816A9 /* Frameworks */ = {
			isa = PBXFrameworksBuildPhase;
			buildActionMask = 2147483647;
			files = (
			);
			runOnlyForDeploymentPostprocessing = 0;
		};
		E34D11E31B1D032B000816A9 /* Frameworks */ = {
			isa = PBXFrameworksBuildPhase;
			buildActionMask = 2147483647;
			files = (
				E34D11E71B1D032B000816A9 /* SwiftySwift.framework in Frameworks */,
			);
			runOnlyForDeploymentPostprocessing = 0;
		};
/* End PBXFrameworksBuildPhase section */

/* Begin PBXGroup section */
		E30DDF4F1C90E9C800FBC536 /* SwiftyCocoa */ = {
			isa = PBXGroup;
			children = (
				E3D96D561CECF6B800D58C9E /* NSObject+Extensions.swift */,
				E3D96D591CECF6D100D58C9E /* NSThread+Extensions.swift */,
				E3D96D5C1CECF6EC00D58C9E /* NSLayoutConstraint+Extensions.swift */,
				E3D96D621CECF72F00D58C9E /* NSAttributedString+Extensions.swift */,
				E3D96D651CECF74200D58C9E /* NSNotificationCenter+Extensions.swift */,
				E3D96D681CECF77300D58C9E /* Dispatch+Extensions.swift */,
				E3C7CBB21F633AD300719D0E /* URL+Extensions.swift */,
				E30DDF501C90E9C800FBC536 /* SwiftyCocoa.h */,
				E30DDF521C90E9C800FBC536 /* Info.plist */,
			);
			path = SwiftyCocoa;
			sourceTree = "<group>";
		};
		E30DDF5E1C90EAA400FBC536 /* SwiftyCore */ = {
			isa = PBXGroup;
			children = (
				E3D96D891CECFA5900D58C9E /* Swift+Extensions.swift */,
				E3D96D6B1CECF85300D58C9E /* SequenceType+Extensions.swift */,
				E3D96D6E1CECF8B200D58C9E /* SortOrder.swift */,
				E3D96D711CECF8E200D58C9E /* RangeReplaceableCollectionType+Extensions.swift */,
				E3D96D741CECF8F700D58C9E /* CollectionType+Extensions.swift */,
				E3D96D771CECF91300D58C9E /* Dictionary+Extensions.swift */,
				E3D96D7A1CECF93E00D58C9E /* StringLiteralConvertible+Extensions.swift */,
				E3D96D7D1CECF97200D58C9E /* Comparable+Extensions.swift */,
				E3D96D801CECF9AA00D58C9E /* OptionalConvertible.swift */,
				E3D96D831CECF9D100D58C9E /* Optional+Extensions.swift */,
				E3D96D861CECF9F600D58C9E /* BinaryInteger+Extensions.swift */,
				E3C7CBA91F63205300719D0E /* FloatingPoint+Extensions.swift */,
				E3C7CBAC1F632D9000719D0E /* SignedNumeric+Extensions.swift */,
				E3C7CBAF1F63331000719D0E /* UnsignedInteger+Extensions.swift */,
				E30DDF5F1C90EAA400FBC536 /* SwiftyCore.h */,
				E30DDF611C90EAA400FBC536 /* Info.plist */,
			);
			path = SwiftyCore;
			sourceTree = "<group>";
		};
		E30DDF711C90EC5E00FBC536 /* SwiftyGeometry */ = {
			isa = PBXGroup;
			children = (
				E3D96D441CECF4DA00D58C9E /* CGPoint+Extensions.swift */,
				E3D96D471CECF51400D58C9E /* UIEdgeInsets+Extensions.swift */,
				E3D96D4A1CECF57C00D58C9E /* CGRect+Extensions.swift */,
				E3D96D4D1CECF5AF00D58C9E /* CGFloatTuple.swift */,
				E3D96D531CECF66700D58C9E /* CGGeometry+CGFloatTuple.swift */,
				E30DDF721C90EC5E00FBC536 /* SwiftyGeometry.h */,
				E30DDF741C90EC5E00FBC536 /* Info.plist */,
			);
			path = SwiftyGeometry;
			sourceTree = "<group>";
		};
		E30DDF7E1C90EC6F00FBC536 /* SwiftyUIKit */ = {
			isa = PBXGroup;
			children = (
				E3D96D291CECF19500D58C9E /* UICollectionView+Extensions.swift */,
				E3D96D2A1CECF19500D58C9E /* UIColor+Extensions.swift */,
				E3D96D2B1CECF19500D58C9E /* UIFont+Extensions.swift */,
				E3D96D2C1CECF19500D58C9E /* UIGestureRecognizer+Extensions.swift */,
				E3D96D2D1CECF19500D58C9E /* UIImage+Extensions.swift */,
				E3D96D2E1CECF19500D58C9E /* UIImageView+Extensions.swift */,
				E3D96D2F1CECF19500D58C9E /* UITableView+Extensions.swift */,
				E3D96D301CECF19500D58C9E /* UIView+Extensions.swift */,
				E3D96D311CECF19500D58C9E /* UIViewController+Extensions.swift */,
				E30DDF7F1C90EC6F00FBC536 /* SwiftyUIKit.h */,
				E30DDF811C90EC6F00FBC536 /* Info.plist */,
			);
			path = SwiftyUIKit;
			sourceTree = "<group>";
		};
		E30DDF8B1C90EC7D00FBC536 /* MultiRange */ = {
			isa = PBXGroup;
			children = (
				E3D96D8C1CECFA7800D58C9E /* MultiRange.swift */,
				E30DDF8C1C90EC7D00FBC536 /* MultiRange.h */,
				E30DDF8E1C90EC7D00FBC536 /* Info.plist */,
			);
			path = MultiRange;
			sourceTree = "<group>";
		};
		E34D11D11B1D032B000816A9 = {
			isa = PBXGroup;
			children = (
				E36EDC201EF1DD3200432A23 /* README.md */,
				E34D11DD1B1D032B000816A9 /* SwiftySwift */,
				E30DDF5E1C90EAA400FBC536 /* SwiftyCore */,
				E30DDF4F1C90E9C800FBC536 /* SwiftyCocoa */,
				E30DDF711C90EC5E00FBC536 /* SwiftyGeometry */,
				E30DDF7E1C90EC6F00FBC536 /* SwiftyUIKit */,
				E30DDF8B1C90EC7D00FBC536 /* MultiRange */,
				E34D11EA1B1D032B000816A9 /* SwiftySwiftTests */,
				E34D11DC1B1D032B000816A9 /* Products */,
			);
			sourceTree = "<group>";
		};
		E34D11DC1B1D032B000816A9 /* Products */ = {
			isa = PBXGroup;
			children = (
				E34D11DB1B1D032B000816A9 /* SwiftySwift.framework */,
				E34D11E61B1D032B000816A9 /* SwiftySwiftTests.xctest */,
				E30DDF4E1C90E9C800FBC536 /* SwiftyCocoa.framework */,
				E30DDF5D1C90EAA400FBC536 /* SwiftyCore.framework */,
				E30DDF701C90EC5E00FBC536 /* SwiftyGeometry.framework */,
				E30DDF7D1C90EC6F00FBC536 /* SwiftyUIKit.framework */,
				E30DDF8A1C90EC7D00FBC536 /* MultiRange.framework */,
			);
			name = Products;
			sourceTree = "<group>";
		};
		E34D11DD1B1D032B000816A9 /* SwiftySwift */ = {
			isa = PBXGroup;
			children = (
				E34D11E01B1D032B000816A9 /* SwiftySwift.h */,
				E3A5D2671BE04374002067C2 /* SwiftySwift.podspec */,
				E34D11DF1B1D032B000816A9 /* Info.plist */,
			);
			path = SwiftySwift;
			sourceTree = "<group>";
		};
		E34D11EA1B1D032B000816A9 /* SwiftySwiftTests */ = {
			isa = PBXGroup;
			children = (
				E34D11ED1B1D032B000816A9 /* SwiftySwiftTests.swift */,
				E34D11EC1B1D032B000816A9 /* Info.plist */,
			);
			path = SwiftySwiftTests;
			sourceTree = "<group>";
		};
/* End PBXGroup section */

/* Begin PBXHeadersBuildPhase section */
		E30DDF4B1C90E9C800FBC536 /* Headers */ = {
			isa = PBXHeadersBuildPhase;
			buildActionMask = 2147483647;
			files = (
				E30DDF511C90E9C800FBC536 /* SwiftyCocoa.h in Headers */,
			);
			runOnlyForDeploymentPostprocessing = 0;
		};
		E30DDF5A1C90EAA400FBC536 /* Headers */ = {
			isa = PBXHeadersBuildPhase;
			buildActionMask = 2147483647;
			files = (
				E30DDFAE1C90F2BE00FBC536 /* SwiftyCore.h in Headers */,
			);
			runOnlyForDeploymentPostprocessing = 0;
		};
		E30DDF6D1C90EC5E00FBC536 /* Headers */ = {
			isa = PBXHeadersBuildPhase;
			buildActionMask = 2147483647;
			files = (
				E30DDFAD1C90F2B500FBC536 /* SwiftyGeometry.h in Headers */,
			);
			runOnlyForDeploymentPostprocessing = 0;
		};
		E30DDF7A1C90EC6F00FBC536 /* Headers */ = {
			isa = PBXHeadersBuildPhase;
			buildActionMask = 2147483647;
			files = (
				E30DDFAF1C90F2D000FBC536 /* SwiftyUIKit.h in Headers */,
			);
			runOnlyForDeploymentPostprocessing = 0;
		};
		E30DDF871C90EC7D00FBC536 /* Headers */ = {
			isa = PBXHeadersBuildPhase;
			buildActionMask = 2147483647;
			files = (
				E30DDFB01C90F2D400FBC536 /* MultiRange.h in Headers */,
			);
			runOnlyForDeploymentPostprocessing = 0;
		};
		E34D11D81B1D032B000816A9 /* Headers */ = {
			isa = PBXHeadersBuildPhase;
			buildActionMask = 2147483647;
			files = (
				E34D11E11B1D032B000816A9 /* SwiftySwift.h in Headers */,
			);
			runOnlyForDeploymentPostprocessing = 0;
		};
/* End PBXHeadersBuildPhase section */

/* Begin PBXNativeTarget section */
		E30DDF4D1C90E9C800FBC536 /* SwiftyCocoa */ = {
			isa = PBXNativeTarget;
			buildConfigurationList = E30DDF551C90E9C800FBC536 /* Build configuration list for PBXNativeTarget "SwiftyCocoa" */;
			buildPhases = (
				E30DDF491C90E9C800FBC536 /* Sources */,
				E30DDF4A1C90E9C800FBC536 /* Frameworks */,
				E30DDF4B1C90E9C800FBC536 /* Headers */,
				E30DDF4C1C90E9C800FBC536 /* Resources */,
			);
			buildRules = (
			);
			dependencies = (
				E30DDF9D1C90EF4000FBC536 /* PBXTargetDependency */,
			);
			name = SwiftyCocoa;
			productName = SwiftyCocoa;
			productReference = E30DDF4E1C90E9C800FBC536 /* SwiftyCocoa.framework */;
			productType = "com.apple.product-type.framework";
		};
		E30DDF5C1C90EAA400FBC536 /* SwiftyCore */ = {
			isa = PBXNativeTarget;
			buildConfigurationList = E30DDF621C90EAA400FBC536 /* Build configuration list for PBXNativeTarget "SwiftyCore" */;
			buildPhases = (
				E30DDF581C90EAA400FBC536 /* Sources */,
				E30DDF591C90EAA400FBC536 /* Frameworks */,
				E30DDF5A1C90EAA400FBC536 /* Headers */,
				E30DDF5B1C90EAA400FBC536 /* Resources */,
			);
			buildRules = (
			);
			dependencies = (
			);
			name = SwiftyCore;
			productName = SwiftyCore;
			productReference = E30DDF5D1C90EAA400FBC536 /* SwiftyCore.framework */;
			productType = "com.apple.product-type.framework";
		};
		E30DDF6F1C90EC5E00FBC536 /* SwiftyGeometry */ = {
			isa = PBXNativeTarget;
			buildConfigurationList = E30DDF751C90EC5E00FBC536 /* Build configuration list for PBXNativeTarget "SwiftyGeometry" */;
			buildPhases = (
				E30DDF6B1C90EC5E00FBC536 /* Sources */,
				E30DDF6C1C90EC5E00FBC536 /* Frameworks */,
				E30DDF6D1C90EC5E00FBC536 /* Headers */,
				E30DDF6E1C90EC5E00FBC536 /* Resources */,
			);
			buildRules = (
			);
			dependencies = (
				E30DDF9B1C90EF3A00FBC536 /* PBXTargetDependency */,
			);
			name = SwiftyGeometry;
			productName = SwiftyGeometry;
			productReference = E30DDF701C90EC5E00FBC536 /* SwiftyGeometry.framework */;
			productType = "com.apple.product-type.framework";
		};
		E30DDF7C1C90EC6F00FBC536 /* SwiftyUIKit */ = {
			isa = PBXNativeTarget;
			buildConfigurationList = E30DDF821C90EC6F00FBC536 /* Build configuration list for PBXNativeTarget "SwiftyUIKit" */;
			buildPhases = (
				E30DDF781C90EC6F00FBC536 /* Sources */,
				E30DDF791C90EC6F00FBC536 /* Frameworks */,
				E30DDF7A1C90EC6F00FBC536 /* Headers */,
				E30DDF7B1C90EC6F00FBC536 /* Resources */,
			);
			buildRules = (
			);
			dependencies = (
				E30DDFA11C90EF4900FBC536 /* PBXTargetDependency */,
				E30DDF9F1C90EF4500FBC536 /* PBXTargetDependency */,
			);
			name = SwiftyUIKit;
			productName = SwiftyUIKit;
			productReference = E30DDF7D1C90EC6F00FBC536 /* SwiftyUIKit.framework */;
			productType = "com.apple.product-type.framework";
		};
		E30DDF891C90EC7D00FBC536 /* MultiRange */ = {
			isa = PBXNativeTarget;
			buildConfigurationList = E30DDF8F1C90EC7D00FBC536 /* Build configuration list for PBXNativeTarget "MultiRange" */;
			buildPhases = (
				E30DDF851C90EC7D00FBC536 /* Sources */,
				E30DDF861C90EC7D00FBC536 /* Frameworks */,
				E30DDF871C90EC7D00FBC536 /* Headers */,
				E30DDF881C90EC7D00FBC536 /* Resources */,
			);
			buildRules = (
			);
			dependencies = (
			);
			name = MultiRange;
			productName = MultiRange;
			productReference = E30DDF8A1C90EC7D00FBC536 /* MultiRange.framework */;
			productType = "com.apple.product-type.framework";
		};
		E34D11DA1B1D032B000816A9 /* SwiftySwift */ = {
			isa = PBXNativeTarget;
			buildConfigurationList = E34D11F11B1D032B000816A9 /* Build configuration list for PBXNativeTarget "SwiftySwift" */;
			buildPhases = (
				E34D11D61B1D032B000816A9 /* Sources */,
				E34D11D71B1D032B000816A9 /* Frameworks */,
				E34D11D81B1D032B000816A9 /* Headers */,
				E34D11D91B1D032B000816A9 /* Resources */,
			);
			buildRules = (
			);
			dependencies = (
				E30DDFAB1C90EF5F00FBC536 /* PBXTargetDependency */,
				E30DDFA91C90EF5C00FBC536 /* PBXTargetDependency */,
				E30DDFA71C90EF5A00FBC536 /* PBXTargetDependency */,
				E30DDFA31C90EF5300FBC536 /* PBXTargetDependency */,
				E30DDFA51C90EF5600FBC536 /* PBXTargetDependency */,
			);
			name = SwiftySwift;
			productName = SwiftySwift;
			productReference = E34D11DB1B1D032B000816A9 /* SwiftySwift.framework */;
			productType = "com.apple.product-type.framework";
		};
		E34D11E51B1D032B000816A9 /* SwiftySwiftTests */ = {
			isa = PBXNativeTarget;
			buildConfigurationList = E34D11F41B1D032B000816A9 /* Build configuration list for PBXNativeTarget "SwiftySwiftTests" */;
			buildPhases = (
				E34D11E21B1D032B000816A9 /* Sources */,
				E34D11E31B1D032B000816A9 /* Frameworks */,
				E34D11E41B1D032B000816A9 /* Resources */,
			);
			buildRules = (
			);
			dependencies = (
				E34D11E91B1D032B000816A9 /* PBXTargetDependency */,
			);
			name = SwiftySwiftTests;
			productName = SwiftySwiftTests;
			productReference = E34D11E61B1D032B000816A9 /* SwiftySwiftTests.xctest */;
			productType = "com.apple.product-type.bundle.unit-test";
		};
/* End PBXNativeTarget section */

/* Begin PBXProject section */
		E34D11D21B1D032B000816A9 /* Project object */ = {
			isa = PBXProject;
			attributes = {
				LastSwiftUpdateCheck = 0730;
				LastUpgradeCheck = 0700;
				ORGANIZATIONNAME = "Agustín de Cabrera";
				TargetAttributes = {
					E30DDF4D1C90E9C800FBC536 = {
						CreatedOnToolsVersion = 7.2;
						DevelopmentTeam = 8SZVBV2U3L;
						DevelopmentTeamName = "Agustin de Cabrera (Personal Team)";
						LastSwiftMigration = 0900;
						ProvisioningStyle = Automatic;
					};
					E30DDF5C1C90EAA400FBC536 = {
						CreatedOnToolsVersion = 7.2;
						DevelopmentTeam = 8SZVBV2U3L;
						DevelopmentTeamName = "Agustin de Cabrera (Personal Team)";
						LastSwiftMigration = 0900;
						ProvisioningStyle = Automatic;
					};
					E30DDF6F1C90EC5E00FBC536 = {
						CreatedOnToolsVersion = 7.2;
						DevelopmentTeam = 8SZVBV2U3L;
						DevelopmentTeamName = "Agustin de Cabrera (Personal Team)";
						LastSwiftMigration = 0900;
						ProvisioningStyle = Automatic;
					};
					E30DDF7C1C90EC6F00FBC536 = {
						CreatedOnToolsVersion = 7.2;
						DevelopmentTeam = 8SZVBV2U3L;
						DevelopmentTeamName = "Agustin de Cabrera (Personal Team)";
						LastSwiftMigration = 0900;
						ProvisioningStyle = Automatic;
					};
					E30DDF891C90EC7D00FBC536 = {
						CreatedOnToolsVersion = 7.2;
						DevelopmentTeam = 8SZVBV2U3L;
						DevelopmentTeamName = "Agustin de Cabrera (Personal Team)";
						LastSwiftMigration = 0900;
						ProvisioningStyle = Automatic;
					};
					E34D11DA1B1D032B000816A9 = {
						CreatedOnToolsVersion = 6.3.2;
						DevelopmentTeam = 8SZVBV2U3L;
						DevelopmentTeamName = "Agustin de Cabrera (Personal Team)";
						LastSwiftMigration = 0900;
						ProvisioningStyle = Automatic;
					};
					E34D11E51B1D032B000816A9 = {
						CreatedOnToolsVersion = 6.3.2;
						DevelopmentTeam = 8SZVBV2U3L;
						DevelopmentTeamName = "Agustin de Cabrera (Personal Team)";
						LastSwiftMigration = 0900;
						ProvisioningStyle = Automatic;
					};
				};
			};
			buildConfigurationList = E34D11D51B1D032B000816A9 /* Build configuration list for PBXProject "SwiftySwift" */;
			compatibilityVersion = "Xcode 3.2";
			developmentRegion = English;
			hasScannedForEncodings = 0;
			knownRegions = (
				en,
			);
			mainGroup = E34D11D11B1D032B000816A9;
			productRefGroup = E34D11DC1B1D032B000816A9 /* Products */;
			projectDirPath = "";
			projectRoot = "";
			targets = (
				E34D11DA1B1D032B000816A9 /* SwiftySwift */,
				E34D11E51B1D032B000816A9 /* SwiftySwiftTests */,
				E30DDF4D1C90E9C800FBC536 /* SwiftyCocoa */,
				E30DDF5C1C90EAA400FBC536 /* SwiftyCore */,
				E30DDF6F1C90EC5E00FBC536 /* SwiftyGeometry */,
				E30DDF7C1C90EC6F00FBC536 /* SwiftyUIKit */,
				E30DDF891C90EC7D00FBC536 /* MultiRange */,
			);
		};
/* End PBXProject section */

/* Begin PBXResourcesBuildPhase section */
		E30DDF4C1C90E9C800FBC536 /* Resources */ = {
			isa = PBXResourcesBuildPhase;
			buildActionMask = 2147483647;
			files = (
			);
			runOnlyForDeploymentPostprocessing = 0;
		};
		E30DDF5B1C90EAA400FBC536 /* Resources */ = {
			isa = PBXResourcesBuildPhase;
			buildActionMask = 2147483647;
			files = (
			);
			runOnlyForDeploymentPostprocessing = 0;
		};
		E30DDF6E1C90EC5E00FBC536 /* Resources */ = {
			isa = PBXResourcesBuildPhase;
			buildActionMask = 2147483647;
			files = (
			);
			runOnlyForDeploymentPostprocessing = 0;
		};
		E30DDF7B1C90EC6F00FBC536 /* Resources */ = {
			isa = PBXResourcesBuildPhase;
			buildActionMask = 2147483647;
			files = (
			);
			runOnlyForDeploymentPostprocessing = 0;
		};
		E30DDF881C90EC7D00FBC536 /* Resources */ = {
			isa = PBXResourcesBuildPhase;
			buildActionMask = 2147483647;
			files = (
			);
			runOnlyForDeploymentPostprocessing = 0;
		};
		E34D11D91B1D032B000816A9 /* Resources */ = {
			isa = PBXResourcesBuildPhase;
			buildActionMask = 2147483647;
			files = (
			);
			runOnlyForDeploymentPostprocessing = 0;
		};
		E34D11E41B1D032B000816A9 /* Resources */ = {
			isa = PBXResourcesBuildPhase;
			buildActionMask = 2147483647;
			files = (
			);
			runOnlyForDeploymentPostprocessing = 0;
		};
/* End PBXResourcesBuildPhase section */

/* Begin PBXSourcesBuildPhase section */
		E30DDF491C90E9C800FBC536 /* Sources */ = {
			isa = PBXSourcesBuildPhase;
			buildActionMask = 2147483647;
			files = (
				E3D96D641CECF72F00D58C9E /* NSAttributedString+Extensions.swift in Sources */,
				E3C7CBB41F633AD300719D0E /* URL+Extensions.swift in Sources */,
				E3D96D5E1CECF6EC00D58C9E /* NSLayoutConstraint+Extensions.swift in Sources */,
				E3D96D581CECF6B800D58C9E /* NSObject+Extensions.swift in Sources */,
				E3D96D5B1CECF6D100D58C9E /* NSThread+Extensions.swift in Sources */,
				E3D96D671CECF74200D58C9E /* NSNotificationCenter+Extensions.swift in Sources */,
				E3D96D6A1CECF77300D58C9E /* Dispatch+Extensions.swift in Sources */,
			);
			runOnlyForDeploymentPostprocessing = 0;
		};
		E30DDF581C90EAA400FBC536 /* Sources */ = {
			isa = PBXSourcesBuildPhase;
			buildActionMask = 2147483647;
			files = (
				E3D96D7C1CECF93E00D58C9E /* StringLiteralConvertible+Extensions.swift in Sources */,
				E3D96D881CECF9F600D58C9E /* BinaryInteger+Extensions.swift in Sources */,
				E3D96D851CECF9D100D58C9E /* Optional+Extensions.swift in Sources */,
				E3D96D731CECF8E200D58C9E /* RangeReplaceableCollectionType+Extensions.swift in Sources */,
				E3D96D761CECF8F700D58C9E /* CollectionType+Extensions.swift in Sources */,
				E3D96D8B1CECFA5900D58C9E /* Swift+Extensions.swift in Sources */,
				E3D96D701CECF8B200D58C9E /* SortOrder.swift in Sources */,
				E3D96D6D1CECF85300D58C9E /* SequenceType+Extensions.swift in Sources */,
				E3D96D791CECF91300D58C9E /* Dictionary+Extensions.swift in Sources */,
				E3D96D821CECF9AA00D58C9E /* OptionalConvertible.swift in Sources */,
				E3C7CBB11F63331000719D0E /* UnsignedInteger+Extensions.swift in Sources */,
				E3C7CBAA1F63205300719D0E /* FloatingPoint+Extensions.swift in Sources */,
				E3D96D7F1CECF97200D58C9E /* Comparable+Extensions.swift in Sources */,
				E3C7CBAE1F632D9000719D0E /* SignedNumeric+Extensions.swift in Sources */,
			);
			runOnlyForDeploymentPostprocessing = 0;
		};
		E30DDF6B1C90EC5E00FBC536 /* Sources */ = {
			isa = PBXSourcesBuildPhase;
			buildActionMask = 2147483647;
			files = (
				E3D96D491CECF51400D58C9E /* UIEdgeInsets+Extensions.swift in Sources */,
				E3D96D4C1CECF57C00D58C9E /* CGRect+Extensions.swift in Sources */,
				E3D96D551CECF66700D58C9E /* CGGeometry+CGFloatTuple.swift in Sources */,
				E3D96D461CECF4DA00D58C9E /* CGPoint+Extensions.swift in Sources */,
				E3D96D4F1CECF5AF00D58C9E /* CGFloatTuple.swift in Sources */,
			);
			runOnlyForDeploymentPostprocessing = 0;
		};
		E30DDF781C90EC6F00FBC536 /* Sources */ = {
			isa = PBXSourcesBuildPhase;
			buildActionMask = 2147483647;
			files = (
				E3D96D3D1CECF19500D58C9E /* UIImageView+Extensions.swift in Sources */,
				E3D96D3F1CECF19500D58C9E /* UITableView+Extensions.swift in Sources */,
				E3D96D331CECF19500D58C9E /* UICollectionView+Extensions.swift in Sources */,
				E3D96D371CECF19500D58C9E /* UIFont+Extensions.swift in Sources */,
				E3D96D431CECF19500D58C9E /* UIViewController+Extensions.swift in Sources */,
				E3D96D3B1CECF19500D58C9E /* UIImage+Extensions.swift in Sources */,
				E3D96D351CECF19500D58C9E /* UIColor+Extensions.swift in Sources */,
				E3D96D411CECF19500D58C9E /* UIView+Extensions.swift in Sources */,
				E3D96D391CECF19500D58C9E /* UIGestureRecognizer+Extensions.swift in Sources */,
			);
			runOnlyForDeploymentPostprocessing = 0;
		};
		E30DDF851C90EC7D00FBC536 /* Sources */ = {
			isa = PBXSourcesBuildPhase;
			buildActionMask = 2147483647;
			files = (
				E3D96D8E1CECFA7800D58C9E /* MultiRange.swift in Sources */,
			);
			runOnlyForDeploymentPostprocessing = 0;
		};
		E34D11D61B1D032B000816A9 /* Sources */ = {
			isa = PBXSourcesBuildPhase;
			buildActionMask = 2147483647;
			files = (
				E3D96D871CECF9F600D58C9E /* BinaryInteger+Extensions.swift in Sources */,
				E3D96D3C1CECF19500D58C9E /* UIImageView+Extensions.swift in Sources */,
				E3D96D781CECF91300D58C9E /* Dictionary+Extensions.swift in Sources */,
				E3D96D8D1CECFA7800D58C9E /* MultiRange.swift in Sources */,
				E3D96D421CECF19500D58C9E /* UIViewController+Extensions.swift in Sources */,
				E3D96D721CECF8E200D58C9E /* RangeReplaceableCollectionType+Extensions.swift in Sources */,
				E3D96D8A1CECFA5900D58C9E /* Swift+Extensions.swift in Sources */,
				E3D96D341CECF19500D58C9E /* UIColor+Extensions.swift in Sources */,
				E3D96D751CECF8F700D58C9E /* CollectionType+Extensions.swift in Sources */,
				E3D96D4E1CECF5AF00D58C9E /* CGFloatTuple.swift in Sources */,
				E3D96D5A1CECF6D100D58C9E /* NSThread+Extensions.swift in Sources */,
				E3D96D691CECF77300D58C9E /* Dispatch+Extensions.swift in Sources */,
				E3D96D4B1CECF57C00D58C9E /* CGRect+Extensions.swift in Sources */,
				E3C7CBB31F633AD300719D0E /* URL+Extensions.swift in Sources */,
				E3C7CBAD1F632D9000719D0E /* SignedNumeric+Extensions.swift in Sources */,
				E3C7CBAB1F632D3100719D0E /* FloatingPoint+Extensions.swift in Sources */,
				E3D96D6F1CECF8B200D58C9E /* SortOrder.swift in Sources */,
				E3D96D321CECF19500D58C9E /* UICollectionView+Extensions.swift in Sources */,
				E3D96D401CECF19500D58C9E /* UIView+Extensions.swift in Sources */,
				E3D96D7B1CECF93E00D58C9E /* StringLiteralConvertible+Extensions.swift in Sources */,
				E3D96D571CECF6B800D58C9E /* NSObject+Extensions.swift in Sources */,
				E3D96D6C1CECF85300D58C9E /* SequenceType+Extensions.swift in Sources */,
				E3D96D661CECF74200D58C9E /* NSNotificationCenter+Extensions.swift in Sources */,
				E3D96D631CECF72F00D58C9E /* NSAttributedString+Extensions.swift in Sources */,
				E3D96D841CECF9D100D58C9E /* Optional+Extensions.swift in Sources */,
				E3D96D481CECF51400D58C9E /* UIEdgeInsets+Extensions.swift in Sources */,
				E3D96D5D1CECF6EC00D58C9E /* NSLayoutConstraint+Extensions.swift in Sources */,
				E3D96D451CECF4DA00D58C9E /* CGPoint+Extensions.swift in Sources */,
				E3D96D3E1CECF19500D58C9E /* UITableView+Extensions.swift in Sources */,
				E3D96D811CECF9AA00D58C9E /* OptionalConvertible.swift in Sources */,
				E3D96D7E1CECF97200D58C9E /* Comparable+Extensions.swift in Sources */,
				E3D96D3A1CECF19500D58C9E /* UIImage+Extensions.swift in Sources */,
				E3C7CBB01F63331000719D0E /* UnsignedInteger+Extensions.swift in Sources */,
				E3D96D361CECF19500D58C9E /* UIFont+Extensions.swift in Sources */,
				E3D96D541CECF66700D58C9E /* CGGeometry+CGFloatTuple.swift in Sources */,
				E3D96D381CECF19500D58C9E /* UIGestureRecognizer+Extensions.swift in Sources */,
			);
			runOnlyForDeploymentPostprocessing = 0;
		};
		E34D11E21B1D032B000816A9 /* Sources */ = {
			isa = PBXSourcesBuildPhase;
			buildActionMask = 2147483647;
			files = (
				E34D11EE1B1D032B000816A9 /* SwiftySwiftTests.swift in Sources */,
			);
			runOnlyForDeploymentPostprocessing = 0;
		};
/* End PBXSourcesBuildPhase section */

/* Begin PBXTargetDependency section */
		E30DDF9B1C90EF3A00FBC536 /* PBXTargetDependency */ = {
			isa = PBXTargetDependency;
			target = E30DDF5C1C90EAA400FBC536 /* SwiftyCore */;
			targetProxy = E30DDF9A1C90EF3A00FBC536 /* PBXContainerItemProxy */;
		};
		E30DDF9D1C90EF4000FBC536 /* PBXTargetDependency */ = {
			isa = PBXTargetDependency;
			target = E30DDF5C1C90EAA400FBC536 /* SwiftyCore */;
			targetProxy = E30DDF9C1C90EF4000FBC536 /* PBXContainerItemProxy */;
		};
		E30DDF9F1C90EF4500FBC536 /* PBXTargetDependency */ = {
			isa = PBXTargetDependency;
			target = E30DDF5C1C90EAA400FBC536 /* SwiftyCore */;
			targetProxy = E30DDF9E1C90EF4500FBC536 /* PBXContainerItemProxy */;
		};
		E30DDFA11C90EF4900FBC536 /* PBXTargetDependency */ = {
			isa = PBXTargetDependency;
			target = E30DDF4D1C90E9C800FBC536 /* SwiftyCocoa */;
			targetProxy = E30DDFA01C90EF4900FBC536 /* PBXContainerItemProxy */;
		};
		E30DDFA31C90EF5300FBC536 /* PBXTargetDependency */ = {
			isa = PBXTargetDependency;
			target = E30DDF4D1C90E9C800FBC536 /* SwiftyCocoa */;
			targetProxy = E30DDFA21C90EF5300FBC536 /* PBXContainerItemProxy */;
		};
		E30DDFA51C90EF5600FBC536 /* PBXTargetDependency */ = {
			isa = PBXTargetDependency;
			target = E30DDF5C1C90EAA400FBC536 /* SwiftyCore */;
			targetProxy = E30DDFA41C90EF5600FBC536 /* PBXContainerItemProxy */;
		};
		E30DDFA71C90EF5A00FBC536 /* PBXTargetDependency */ = {
			isa = PBXTargetDependency;
			target = E30DDF6F1C90EC5E00FBC536 /* SwiftyGeometry */;
			targetProxy = E30DDFA61C90EF5A00FBC536 /* PBXContainerItemProxy */;
		};
		E30DDFA91C90EF5C00FBC536 /* PBXTargetDependency */ = {
			isa = PBXTargetDependency;
			target = E30DDF7C1C90EC6F00FBC536 /* SwiftyUIKit */;
			targetProxy = E30DDFA81C90EF5C00FBC536 /* PBXContainerItemProxy */;
		};
		E30DDFAB1C90EF5F00FBC536 /* PBXTargetDependency */ = {
			isa = PBXTargetDependency;
			target = E30DDF891C90EC7D00FBC536 /* MultiRange */;
			targetProxy = E30DDFAA1C90EF5F00FBC536 /* PBXContainerItemProxy */;
		};
		E34D11E91B1D032B000816A9 /* PBXTargetDependency */ = {
			isa = PBXTargetDependency;
			target = E34D11DA1B1D032B000816A9 /* SwiftySwift */;
			targetProxy = E34D11E81B1D032B000816A9 /* PBXContainerItemProxy */;
		};
/* End PBXTargetDependency section */

/* Begin XCBuildConfiguration section */
		E30DDF531C90E9C800FBC536 /* Debug */ = {
			isa = XCBuildConfiguration;
			buildSettings = {
				"CODE_SIGN_IDENTITY[sdk=iphoneos*]" = "iPhone Developer";
				DEBUG_INFORMATION_FORMAT = dwarf;
				DEFINES_MODULE = YES;
				DYLIB_COMPATIBILITY_VERSION = 1;
				DYLIB_CURRENT_VERSION = 1;
				DYLIB_INSTALL_NAME_BASE = "@rpath";
				INFOPLIST_FILE = SwiftyCocoa/Info.plist;
				INSTALL_PATH = "$(LOCAL_LIBRARY_DIR)/Frameworks";
				IPHONEOS_DEPLOYMENT_TARGET = 8.0;
				LD_RUNPATH_SEARCH_PATHS = "$(inherited) @executable_path/Frameworks @loader_path/Frameworks";
				PRODUCT_BUNDLE_IDENTIFIER = com.adc.SwiftyCocoa;
				PRODUCT_NAME = "$(TARGET_NAME)";
				SKIP_INSTALL = YES;
				SWIFT_SWIFT3_OBJC_INFERENCE = Default;
				SWIFT_VERSION = 4.0;
			};
			name = Debug;
		};
		E30DDF541C90E9C800FBC536 /* Release */ = {
			isa = XCBuildConfiguration;
			buildSettings = {
				"CODE_SIGN_IDENTITY[sdk=iphoneos*]" = "iPhone Developer";
				DEFINES_MODULE = YES;
				DYLIB_COMPATIBILITY_VERSION = 1;
				DYLIB_CURRENT_VERSION = 1;
				DYLIB_INSTALL_NAME_BASE = "@rpath";
				INFOPLIST_FILE = SwiftyCocoa/Info.plist;
				INSTALL_PATH = "$(LOCAL_LIBRARY_DIR)/Frameworks";
				IPHONEOS_DEPLOYMENT_TARGET = 8.0;
				LD_RUNPATH_SEARCH_PATHS = "$(inherited) @executable_path/Frameworks @loader_path/Frameworks";
				PRODUCT_BUNDLE_IDENTIFIER = com.adc.SwiftyCocoa;
				PRODUCT_NAME = "$(TARGET_NAME)";
				SKIP_INSTALL = YES;
				SWIFT_SWIFT3_OBJC_INFERENCE = Default;
				SWIFT_VERSION = 4.0;
			};
			name = Release;
		};
		E30DDF631C90EAA400FBC536 /* Debug */ = {
			isa = XCBuildConfiguration;
			buildSettings = {
				"CODE_SIGN_IDENTITY[sdk=iphoneos*]" = "iPhone Developer";
				DEBUG_INFORMATION_FORMAT = dwarf;
				DEFINES_MODULE = YES;
				DYLIB_COMPATIBILITY_VERSION = 1;
				DYLIB_CURRENT_VERSION = 1;
				DYLIB_INSTALL_NAME_BASE = "@rpath";
				INFOPLIST_FILE = SwiftyCore/Info.plist;
				INSTALL_PATH = "$(LOCAL_LIBRARY_DIR)/Frameworks";
				IPHONEOS_DEPLOYMENT_TARGET = 8.0;
				LD_RUNPATH_SEARCH_PATHS = "$(inherited) @executable_path/Frameworks @loader_path/Frameworks";
				PRODUCT_BUNDLE_IDENTIFIER = com.adc.SwiftyCore;
				PRODUCT_NAME = "$(TARGET_NAME)";
				SKIP_INSTALL = YES;
				SWIFT_SWIFT3_OBJC_INFERENCE = Default;
				SWIFT_VERSION = 4.0;
			};
			name = Debug;
		};
		E30DDF641C90EAA400FBC536 /* Release */ = {
			isa = XCBuildConfiguration;
			buildSettings = {
				"CODE_SIGN_IDENTITY[sdk=iphoneos*]" = "iPhone Developer";
				DEFINES_MODULE = YES;
				DYLIB_COMPATIBILITY_VERSION = 1;
				DYLIB_CURRENT_VERSION = 1;
				DYLIB_INSTALL_NAME_BASE = "@rpath";
				INFOPLIST_FILE = SwiftyCore/Info.plist;
				INSTALL_PATH = "$(LOCAL_LIBRARY_DIR)/Frameworks";
				IPHONEOS_DEPLOYMENT_TARGET = 8.0;
				LD_RUNPATH_SEARCH_PATHS = "$(inherited) @executable_path/Frameworks @loader_path/Frameworks";
				PRODUCT_BUNDLE_IDENTIFIER = com.adc.SwiftyCore;
				PRODUCT_NAME = "$(TARGET_NAME)";
				SKIP_INSTALL = YES;
				SWIFT_SWIFT3_OBJC_INFERENCE = Default;
				SWIFT_VERSION = 4.0;
			};
			name = Release;
		};
		E30DDF761C90EC5E00FBC536 /* Debug */ = {
			isa = XCBuildConfiguration;
			buildSettings = {
				"CODE_SIGN_IDENTITY[sdk=iphoneos*]" = "iPhone Developer";
				DEBUG_INFORMATION_FORMAT = dwarf;
				DEFINES_MODULE = YES;
				DYLIB_COMPATIBILITY_VERSION = 1;
				DYLIB_CURRENT_VERSION = 1;
				DYLIB_INSTALL_NAME_BASE = "@rpath";
				INFOPLIST_FILE = SwiftyGeometry/Info.plist;
				INSTALL_PATH = "$(LOCAL_LIBRARY_DIR)/Frameworks";
				IPHONEOS_DEPLOYMENT_TARGET = 8.0;
				LD_RUNPATH_SEARCH_PATHS = "$(inherited) @executable_path/Frameworks @loader_path/Frameworks";
				PRODUCT_BUNDLE_IDENTIFIER = com.adc.SwiftyGeometry;
				PRODUCT_NAME = "$(TARGET_NAME)";
				SKIP_INSTALL = YES;
				SWIFT_SWIFT3_OBJC_INFERENCE = Default;
				SWIFT_VERSION = 4.0;
			};
			name = Debug;
		};
		E30DDF771C90EC5E00FBC536 /* Release */ = {
			isa = XCBuildConfiguration;
			buildSettings = {
				"CODE_SIGN_IDENTITY[sdk=iphoneos*]" = "iPhone Developer";
				DEFINES_MODULE = YES;
				DYLIB_COMPATIBILITY_VERSION = 1;
				DYLIB_CURRENT_VERSION = 1;
				DYLIB_INSTALL_NAME_BASE = "@rpath";
				INFOPLIST_FILE = SwiftyGeometry/Info.plist;
				INSTALL_PATH = "$(LOCAL_LIBRARY_DIR)/Frameworks";
				IPHONEOS_DEPLOYMENT_TARGET = 8.0;
				LD_RUNPATH_SEARCH_PATHS = "$(inherited) @executable_path/Frameworks @loader_path/Frameworks";
				PRODUCT_BUNDLE_IDENTIFIER = com.adc.SwiftyGeometry;
				PRODUCT_NAME = "$(TARGET_NAME)";
				SKIP_INSTALL = YES;
				SWIFT_SWIFT3_OBJC_INFERENCE = Default;
				SWIFT_VERSION = 4.0;
			};
			name = Release;
		};
		E30DDF831C90EC6F00FBC536 /* Debug */ = {
			isa = XCBuildConfiguration;
			buildSettings = {
				CLANG_ENABLE_MODULES = YES;
				"CODE_SIGN_IDENTITY[sdk=iphoneos*]" = "iPhone Developer";
				DEBUG_INFORMATION_FORMAT = dwarf;
				DEFINES_MODULE = YES;
				DYLIB_COMPATIBILITY_VERSION = 1;
				DYLIB_CURRENT_VERSION = 1;
				DYLIB_INSTALL_NAME_BASE = "@rpath";
				INFOPLIST_FILE = SwiftyUIKit/Info.plist;
				INSTALL_PATH = "$(LOCAL_LIBRARY_DIR)/Frameworks";
				IPHONEOS_DEPLOYMENT_TARGET = 8.0;
				LD_RUNPATH_SEARCH_PATHS = "$(inherited) @executable_path/Frameworks @loader_path/Frameworks";
				PRODUCT_BUNDLE_IDENTIFIER = com.adc.SwiftyUIKit;
				PRODUCT_NAME = "$(TARGET_NAME)";
				SKIP_INSTALL = YES;
				SWIFT_OPTIMIZATION_LEVEL = "-Onone";
				SWIFT_SWIFT3_OBJC_INFERENCE = Default;
				SWIFT_VERSION = 4.0;
			};
			name = Debug;
		};
		E30DDF841C90EC6F00FBC536 /* Release */ = {
			isa = XCBuildConfiguration;
			buildSettings = {
				CLANG_ENABLE_MODULES = YES;
				"CODE_SIGN_IDENTITY[sdk=iphoneos*]" = "iPhone Developer";
				DEFINES_MODULE = YES;
				DYLIB_COMPATIBILITY_VERSION = 1;
				DYLIB_CURRENT_VERSION = 1;
				DYLIB_INSTALL_NAME_BASE = "@rpath";
				INFOPLIST_FILE = SwiftyUIKit/Info.plist;
				INSTALL_PATH = "$(LOCAL_LIBRARY_DIR)/Frameworks";
				IPHONEOS_DEPLOYMENT_TARGET = 8.0;
				LD_RUNPATH_SEARCH_PATHS = "$(inherited) @executable_path/Frameworks @loader_path/Frameworks";
				PRODUCT_BUNDLE_IDENTIFIER = com.adc.SwiftyUIKit;
				PRODUCT_NAME = "$(TARGET_NAME)";
				SKIP_INSTALL = YES;
				SWIFT_SWIFT3_OBJC_INFERENCE = Default;
				SWIFT_VERSION = 4.0;
			};
			name = Release;
		};
		E30DDF901C90EC7D00FBC536 /* Debug */ = {
			isa = XCBuildConfiguration;
			buildSettings = {
				CLANG_ENABLE_MODULES = YES;
				"CODE_SIGN_IDENTITY[sdk=iphoneos*]" = "iPhone Developer";
				DEBUG_INFORMATION_FORMAT = dwarf;
				DEFINES_MODULE = YES;
				DYLIB_COMPATIBILITY_VERSION = 1;
				DYLIB_CURRENT_VERSION = 1;
				DYLIB_INSTALL_NAME_BASE = "@rpath";
				INFOPLIST_FILE = MultiRange/Info.plist;
				INSTALL_PATH = "$(LOCAL_LIBRARY_DIR)/Frameworks";
				IPHONEOS_DEPLOYMENT_TARGET = 8.0;
				LD_RUNPATH_SEARCH_PATHS = "$(inherited) @executable_path/Frameworks @loader_path/Frameworks";
				PRODUCT_BUNDLE_IDENTIFIER = com.adc.MultiRange;
				PRODUCT_NAME = "$(TARGET_NAME)";
				PROVISIONING_PROFILE_SPECIFIER = "";
				SKIP_INSTALL = YES;
				SWIFT_OPTIMIZATION_LEVEL = "-Onone";
				SWIFT_SWIFT3_OBJC_INFERENCE = Default;
				SWIFT_VERSION = 4.0;
			};
			name = Debug;
		};
		E30DDF911C90EC7D00FBC536 /* Release */ = {
			isa = XCBuildConfiguration;
			buildSettings = {
				CLANG_ENABLE_MODULES = YES;
				"CODE_SIGN_IDENTITY[sdk=iphoneos*]" = "iPhone Developer";
				DEFINES_MODULE = YES;
				DYLIB_COMPATIBILITY_VERSION = 1;
				DYLIB_CURRENT_VERSION = 1;
				DYLIB_INSTALL_NAME_BASE = "@rpath";
				INFOPLIST_FILE = MultiRange/Info.plist;
				INSTALL_PATH = "$(LOCAL_LIBRARY_DIR)/Frameworks";
				IPHONEOS_DEPLOYMENT_TARGET = 8.0;
				LD_RUNPATH_SEARCH_PATHS = "$(inherited) @executable_path/Frameworks @loader_path/Frameworks";
				PRODUCT_BUNDLE_IDENTIFIER = com.adc.MultiRange;
				PRODUCT_NAME = "$(TARGET_NAME)";
				PROVISIONING_PROFILE_SPECIFIER = "";
				SKIP_INSTALL = YES;
				SWIFT_SWIFT3_OBJC_INFERENCE = Default;
				SWIFT_VERSION = 4.0;
			};
			name = Release;
		};
		E34D11EF1B1D032B000816A9 /* Debug */ = {
			isa = XCBuildConfiguration;
			buildSettings = {
				ALWAYS_SEARCH_USER_PATHS = NO;
				CLANG_CXX_LANGUAGE_STANDARD = "gnu++0x";
				CLANG_CXX_LIBRARY = "libc++";
				CLANG_ENABLE_MODULES = YES;
				CLANG_ENABLE_OBJC_ARC = YES;
				CLANG_WARN_BOOL_CONVERSION = YES;
				CLANG_WARN_CONSTANT_CONVERSION = YES;
				CLANG_WARN_DIRECT_OBJC_ISA_USAGE = YES_ERROR;
				CLANG_WARN_EMPTY_BODY = YES;
				CLANG_WARN_ENUM_CONVERSION = YES;
				CLANG_WARN_INT_CONVERSION = YES;
				CLANG_WARN_OBJC_ROOT_CLASS = YES_ERROR;
				CLANG_WARN_UNREACHABLE_CODE = YES;
				CLANG_WARN__DUPLICATE_METHOD_MATCH = YES;
				"CODE_SIGN_IDENTITY[sdk=iphoneos*]" = "iPhone Developer";
				COPY_PHASE_STRIP = NO;
				CURRENT_PROJECT_VERSION = 1;
				DEBUG_INFORMATION_FORMAT = "dwarf-with-dsym";
				ENABLE_STRICT_OBJC_MSGSEND = YES;
				ENABLE_TESTABILITY = YES;
				GCC_C_LANGUAGE_STANDARD = gnu99;
				GCC_DYNAMIC_NO_PIC = NO;
				GCC_NO_COMMON_BLOCKS = YES;
				GCC_OPTIMIZATION_LEVEL = 0;
				GCC_PREPROCESSOR_DEFINITIONS = (
					"DEBUG=1",
					"$(inherited)",
				);
				GCC_SYMBOLS_PRIVATE_EXTERN = NO;
				GCC_WARN_64_TO_32_BIT_CONVERSION = YES;
				GCC_WARN_ABOUT_RETURN_TYPE = YES_ERROR;
				GCC_WARN_UNDECLARED_SELECTOR = YES;
				GCC_WARN_UNINITIALIZED_AUTOS = YES_AGGRESSIVE;
				GCC_WARN_UNUSED_FUNCTION = YES;
				GCC_WARN_UNUSED_VARIABLE = YES;
				IPHONEOS_DEPLOYMENT_TARGET = 8.0;
				MTL_ENABLE_DEBUG_INFO = YES;
				ONLY_ACTIVE_ARCH = YES;
				SDKROOT = iphoneos;
				SWIFT_OPTIMIZATION_LEVEL = "-Onone";
				TARGETED_DEVICE_FAMILY = "1,2";
				VERSIONING_SYSTEM = "apple-generic";
				VERSION_INFO_PREFIX = "";
			};
			name = Debug;
		};
		E34D11F01B1D032B000816A9 /* Release */ = {
			isa = XCBuildConfiguration;
			buildSettings = {
				ALWAYS_SEARCH_USER_PATHS = NO;
				CLANG_CXX_LANGUAGE_STANDARD = "gnu++0x";
				CLANG_CXX_LIBRARY = "libc++";
				CLANG_ENABLE_MODULES = YES;
				CLANG_ENABLE_OBJC_ARC = YES;
				CLANG_WARN_BOOL_CONVERSION = YES;
				CLANG_WARN_CONSTANT_CONVERSION = YES;
				CLANG_WARN_DIRECT_OBJC_ISA_USAGE = YES_ERROR;
				CLANG_WARN_EMPTY_BODY = YES;
				CLANG_WARN_ENUM_CONVERSION = YES;
				CLANG_WARN_INT_CONVERSION = YES;
				CLANG_WARN_OBJC_ROOT_CLASS = YES_ERROR;
				CLANG_WARN_UNREACHABLE_CODE = YES;
				CLANG_WARN__DUPLICATE_METHOD_MATCH = YES;
				"CODE_SIGN_IDENTITY[sdk=iphoneos*]" = "iPhone Developer";
				COPY_PHASE_STRIP = NO;
				CURRENT_PROJECT_VERSION = 1;
				DEBUG_INFORMATION_FORMAT = "dwarf-with-dsym";
				ENABLE_NS_ASSERTIONS = NO;
				ENABLE_STRICT_OBJC_MSGSEND = YES;
				GCC_C_LANGUAGE_STANDARD = gnu99;
				GCC_NO_COMMON_BLOCKS = YES;
				GCC_WARN_64_TO_32_BIT_CONVERSION = YES;
				GCC_WARN_ABOUT_RETURN_TYPE = YES_ERROR;
				GCC_WARN_UNDECLARED_SELECTOR = YES;
				GCC_WARN_UNINITIALIZED_AUTOS = YES_AGGRESSIVE;
				GCC_WARN_UNUSED_FUNCTION = YES;
				GCC_WARN_UNUSED_VARIABLE = YES;
				IPHONEOS_DEPLOYMENT_TARGET = 8.0;
				MTL_ENABLE_DEBUG_INFO = NO;
				SDKROOT = iphoneos;
				TARGETED_DEVICE_FAMILY = "1,2";
				VALIDATE_PRODUCT = YES;
				VERSIONING_SYSTEM = "apple-generic";
				VERSION_INFO_PREFIX = "";
			};
			name = Release;
		};
		E34D11F21B1D032B000816A9 /* Debug */ = {
			isa = XCBuildConfiguration;
			buildSettings = {
				CLANG_ENABLE_MODULES = YES;
				"CODE_SIGN_IDENTITY[sdk=iphoneos*]" = "iPhone Developer";
				DEFINES_MODULE = YES;
				DYLIB_COMPATIBILITY_VERSION = 1;
				DYLIB_CURRENT_VERSION = 1;
				DYLIB_INSTALL_NAME_BASE = "@rpath";
				INFOPLIST_FILE = SwiftySwift/Info.plist;
				INSTALL_PATH = "$(LOCAL_LIBRARY_DIR)/Frameworks";
				IPHONEOS_DEPLOYMENT_TARGET = 8.0;
				LD_RUNPATH_SEARCH_PATHS = "$(inherited) @executable_path/Frameworks @loader_path/Frameworks";
				PRODUCT_BUNDLE_IDENTIFIER = "com.adc.$(PRODUCT_NAME:rfc1034identifier)";
				PRODUCT_NAME = "$(TARGET_NAME)";
				SKIP_INSTALL = YES;
				SWIFT_OPTIMIZATION_LEVEL = "-Onone";
				SWIFT_SWIFT3_OBJC_INFERENCE = Default;
				SWIFT_VERSION = 4.0;
			};
			name = Debug;
		};
		E34D11F31B1D032B000816A9 /* Release */ = {
			isa = XCBuildConfiguration;
			buildSettings = {
				CLANG_ENABLE_MODULES = YES;
				"CODE_SIGN_IDENTITY[sdk=iphoneos*]" = "iPhone Developer";
				DEFINES_MODULE = YES;
				DYLIB_COMPATIBILITY_VERSION = 1;
				DYLIB_CURRENT_VERSION = 1;
				DYLIB_INSTALL_NAME_BASE = "@rpath";
				INFOPLIST_FILE = SwiftySwift/Info.plist;
				INSTALL_PATH = "$(LOCAL_LIBRARY_DIR)/Frameworks";
				IPHONEOS_DEPLOYMENT_TARGET = 8.0;
				LD_RUNPATH_SEARCH_PATHS = "$(inherited) @executable_path/Frameworks @loader_path/Frameworks";
				PRODUCT_BUNDLE_IDENTIFIER = "com.adc.$(PRODUCT_NAME:rfc1034identifier)";
				PRODUCT_NAME = "$(TARGET_NAME)";
				SKIP_INSTALL = YES;
				SWIFT_SWIFT3_OBJC_INFERENCE = Default;
				SWIFT_VERSION = 4.0;
			};
			name = Release;
		};
		E34D11F51B1D032B000816A9 /* Debug */ = {
			isa = XCBuildConfiguration;
			buildSettings = {
				"CODE_SIGN_IDENTITY[sdk=iphoneos*]" = "iPhone Developer";
				GCC_PREPROCESSOR_DEFINITIONS = (
					"DEBUG=1",
					"$(inherited)",
				);
				INFOPLIST_FILE = SwiftySwiftTests/Info.plist;
				LD_RUNPATH_SEARCH_PATHS = "$(inherited) @executable_path/Frameworks @loader_path/Frameworks";
				PRODUCT_BUNDLE_IDENTIFIER = "com.adc.$(PRODUCT_NAME:rfc1034identifier)";
				PRODUCT_NAME = "$(TARGET_NAME)";
				SWIFT_SWIFT3_OBJC_INFERENCE = Default;
				SWIFT_VERSION = 4.0;
			};
			name = Debug;
		};
		E34D11F61B1D032B000816A9 /* Release */ = {
			isa = XCBuildConfiguration;
			buildSettings = {
				"CODE_SIGN_IDENTITY[sdk=iphoneos*]" = "iPhone Developer";
				INFOPLIST_FILE = SwiftySwiftTests/Info.plist;
				LD_RUNPATH_SEARCH_PATHS = "$(inherited) @executable_path/Frameworks @loader_path/Frameworks";
				PRODUCT_BUNDLE_IDENTIFIER = "com.adc.$(PRODUCT_NAME:rfc1034identifier)";
				PRODUCT_NAME = "$(TARGET_NAME)";
				SWIFT_SWIFT3_OBJC_INFERENCE = Default;
				SWIFT_VERSION = 4.0;
			};
			name = Release;
		};
/* End XCBuildConfiguration section */

/* Begin XCConfigurationList section */
		E30DDF551C90E9C800FBC536 /* Build configuration list for PBXNativeTarget "SwiftyCocoa" */ = {
			isa = XCConfigurationList;
			buildConfigurations = (
				E30DDF531C90E9C800FBC536 /* Debug */,
				E30DDF541C90E9C800FBC536 /* Release */,
			);
			defaultConfigurationIsVisible = 0;
			defaultConfigurationName = Release;
		};
		E30DDF621C90EAA400FBC536 /* Build configuration list for PBXNativeTarget "SwiftyCore" */ = {
			isa = XCConfigurationList;
			buildConfigurations = (
				E30DDF631C90EAA400FBC536 /* Debug */,
				E30DDF641C90EAA400FBC536 /* Release */,
			);
			defaultConfigurationIsVisible = 0;
			defaultConfigurationName = Release;
		};
		E30DDF751C90EC5E00FBC536 /* Build configuration list for PBXNativeTarget "SwiftyGeometry" */ = {
			isa = XCConfigurationList;
			buildConfigurations = (
				E30DDF761C90EC5E00FBC536 /* Debug */,
				E30DDF771C90EC5E00FBC536 /* Release */,
			);
			defaultConfigurationIsVisible = 0;
			defaultConfigurationName = Release;
		};
		E30DDF821C90EC6F00FBC536 /* Build configuration list for PBXNativeTarget "SwiftyUIKit" */ = {
			isa = XCConfigurationList;
			buildConfigurations = (
				E30DDF831C90EC6F00FBC536 /* Debug */,
				E30DDF841C90EC6F00FBC536 /* Release */,
			);
			defaultConfigurationIsVisible = 0;
			defaultConfigurationName = Release;
		};
		E30DDF8F1C90EC7D00FBC536 /* Build configuration list for PBXNativeTarget "MultiRange" */ = {
			isa = XCConfigurationList;
			buildConfigurations = (
				E30DDF901C90EC7D00FBC536 /* Debug */,
				E30DDF911C90EC7D00FBC536 /* Release */,
			);
			defaultConfigurationIsVisible = 0;
			defaultConfigurationName = Release;
		};
		E34D11D51B1D032B000816A9 /* Build configuration list for PBXProject "SwiftySwift" */ = {
			isa = XCConfigurationList;
			buildConfigurations = (
				E34D11EF1B1D032B000816A9 /* Debug */,
				E34D11F01B1D032B000816A9 /* Release */,
			);
			defaultConfigurationIsVisible = 0;
			defaultConfigurationName = Release;
		};
		E34D11F11B1D032B000816A9 /* Build configuration list for PBXNativeTarget "SwiftySwift" */ = {
			isa = XCConfigurationList;
			buildConfigurations = (
				E34D11F21B1D032B000816A9 /* Debug */,
				E34D11F31B1D032B000816A9 /* Release */,
			);
			defaultConfigurationIsVisible = 0;
			defaultConfigurationName = Release;
		};
		E34D11F41B1D032B000816A9 /* Build configuration list for PBXNativeTarget "SwiftySwiftTests" */ = {
			isa = XCConfigurationList;
			buildConfigurations = (
				E34D11F51B1D032B000816A9 /* Debug */,
				E34D11F61B1D032B000816A9 /* Release */,
			);
			defaultConfigurationIsVisible = 0;
			defaultConfigurationName = Release;
		};
/* End XCConfigurationList section */
	};
	rootObject = E34D11D21B1D032B000816A9 /* Project object */;
}
